
Microsoft Visual Studio Solution File, Format Version 12.00
# Visual Studio Version 16
VisualStudioVersion = 16.0.33529.622
MinimumVisualStudioVersion = 10.0.40219.1
Project("{F184B08F-C81C-45F6-A57F-5ABD9991F28F}") = "LilypadLauncher", "LilypadLauncher\LilypadLauncher.vbproj", "{96081B70-2F8C-4EF9-94A0-35C8E12A040E}"
EndProject
Global
	GlobalSection(SolutionConfigurationPlatforms) = preSolution
		Debug|Any CPU = Debug|Any CPU
		Release|Any CPU = Release|Any CPU
	EndGlobalSection
	GlobalSection(ProjectConfigurationPlatforms) = postSolution
		{96081B70-2F8C-4EF9-94A0-35C8E12A040E}.Debug|Any CPU.ActiveCfg = Debug|Any CPU
		{96081B70-2F8C-4EF9-94A0-35C8E12A040E}.Debug|Any CPU.Build.0 = Debug|Any CPU
		{96081B70-2F8C-4EF9-94A0-35C8E12A040E}.Release|Any CPU.ActiveCfg = Release|Any CPU
		{96081B70-2F8C-4EF9-94A0-35C8E12A040E}.Release|Any CPU.Build.0 = Release|Any CPU
	EndGlobalSection
	GlobalSection(SolutionProperties) = preSolution
		HideSolutionNode = FALSE
	EndGlobalSection
	GlobalSection(ExtensibilityGlobals) = postSolution
		SolutionGuid = {9C60DB7D-A07A-4BA3-8B78-53F04C7BD77E}
	EndGlobalSection
EndGlobal
